
Microsoft Visual Studio Solution File, Format Version 12.00
# Visual Studio 15
VisualStudioVersion = 15.0.26228.9
MinimumVisualStudioVersion = 10.0.40219.1
Project("{2150E333-8FDC-42A3-9474-1A3956D46DE8}") = "src", "src", "{AFAA0841-BD93-466F-B8F4-FB4EEC86F1FC}"
EndProject
Project("{9A19103F-16F7-4668-BE54-9A1E7A4F7556}") = "Yaeher.Core", "src\Yaeher.Core\Yaeher.Core.csproj", "{0FA75A5B-AB83-4FD0-B545-279774C01E87}"
EndProject
Project("{9A19103F-16F7-4668-BE54-9A1E7A4F7556}") = "Yaeher.Application", "src\Yaeher.Application\Yaeher.Application.csproj", "{3870C648-4AEA-4B85-BA3F-F2F63B96136A}"
EndProject
Project("{9A19103F-16F7-4668-BE54-9A1E7A4F7556}") = "Yaeher.Web.Core", "src\Yaeher.Web.Core\Yaeher.Web.Core.csproj", "{22CFE0D2-8DCA-42D7-AD7D-784C3862493F}"
EndProject
Project("{9A19103F-16F7-4668-BE54-9A1E7A4F7556}") = "YaeherDoctorAPI.Web.Host", "src\YaeherDoctorAPI.Web.Host\YaeherDoctorAPI.Web.Host.csproj", "{609AE303-4C47-4A22-9CF6-AA44BFEFF802}"
EndProject
Project("{9A19103F-16F7-4668-BE54-9A1E7A4F7556}") = "YaeherDoctorAPI.EntityFrameworkCore", "src\YaeherDoctorAPI.EntityFrameworkCore\YaeherDoctorAPI.EntityFrameworkCore.csproj", "{C3198692-9C7F-4AA1-B44E-A6F551AA8AA4}"
EndProject
Project("{9A19103F-16F7-4668-BE54-9A1E7A4F7556}") = "YaeherPatientAPI.EntityFrameworkCore", "src\YaeherPatientAPI.EntityFrameworkCore\YaeherPatientAPI.EntityFrameworkCore.csproj", "{66D041EB-523B-479B-956B-6AA297A22C43}"
EndProject
Project("{9A19103F-16F7-4668-BE54-9A1E7A4F7556}") = "YaeherPatientAPI.Web.Host", "src\YaeherPatientAPI.Web.Host\YaeherPatientAPI.Web.Host.csproj", "{5E621459-191A-4EF4-9890-DF3595D407E4}"
EndProject
Project("{9A19103F-16F7-4668-BE54-9A1E7A4F7556}") = "YaeherAdminAPI.Web.Host", "src\YaeherAdminAPI.Web.Host\YaeherAdminAPI.Web.Host.csproj", "{79D1899B-2E73-4E76-B27B-E01B6D2837B1}"
EndProject
Project("{9A19103F-16F7-4668-BE54-9A1E7A4F7556}") = "Yaeher.Common", "src\Yaeher.Common\Yaeher.Common.csproj", "{4279ACBF-F784-43F2-8572-1A313270B4DB}"
EndProject
Project("{9A19103F-16F7-4668-BE54-9A1E7A4F7556}") = "YaeherAPI", "src\YaeherAPI\YaeherAPI.csproj", "{A5E12236-B4EF-4B6E-ADB4-515D579BF405}"
EndProject
Project("{9A19103F-16F7-4668-BE54-9A1E7A4F7556}") = "Yaeher.HangFire", "src\Yaeher.HangFire\Yaeher.HangFire.csproj", "{307B8FBF-C74D-4401-B8C9-EEC5E4C7F65C}"
EndProject
Global
	GlobalSection(SolutionConfigurationPlatforms) = preSolution
		Debug|Any CPU = Debug|Any CPU
		Release|Any CPU = Release|Any CPU
	EndGlobalSection
	GlobalSection(ProjectConfigurationPlatforms) = postSolution
		{0FA75A5B-AB83-4FD0-B545-279774C01E87}.Debug|Any CPU.ActiveCfg = Debug|Any CPU
		{0FA75A5B-AB83-4FD0-B545-279774C01E87}.Debug|Any CPU.Build.0 = Debug|Any CPU
		{0FA75A5B-AB83-4FD0-B545-279774C01E87}.Release|Any CPU.ActiveCfg = Release|Any CPU
		{0FA75A5B-AB83-4FD0-B545-279774C01E87}.Release|Any CPU.Build.0 = Release|Any CPU
		{3870C648-4AEA-4B85-BA3F-F2F63B96136A}.Debug|Any CPU.ActiveCfg = Debug|Any CPU
		{3870C648-4AEA-4B85-BA3F-F2F63B96136A}.Debug|Any CPU.Build.0 = Debug|Any CPU
		{3870C648-4AEA-4B85-BA3F-F2F63B96136A}.Release|Any CPU.ActiveCfg = Release|Any CPU
		{3870C648-4AEA-4B85-BA3F-F2F63B96136A}.Release|Any CPU.Build.0 = Release|Any CPU
		{22CFE0D2-8DCA-42D7-AD7D-784C3862493F}.Debug|Any CPU.ActiveCfg = Debug|Any CPU
		{22CFE0D2-8DCA-42D7-AD7D-784C3862493F}.Debug|Any CPU.Build.0 = Debug|Any CPU
		{22CFE0D2-8DCA-42D7-AD7D-784C3862493F}.Release|Any CPU.ActiveCfg = Release|Any CPU
		{22CFE0D2-8DCA-42D7-AD7D-784C3862493F}.Release|Any CPU.Build.0 = Release|Any CPU
		{609AE303-4C47-4A22-9CF6-AA44BFEFF802}.Debug|Any CPU.ActiveCfg = Debug|Any CPU
		{609AE303-4C47-4A22-9CF6-AA44BFEFF802}.Debug|Any CPU.Build.0 = Debug|Any CPU
		{609AE303-4C47-4A22-9CF6-AA44BFEFF802}.Release|Any CPU.ActiveCfg = Release|Any CPU
		{609AE303-4C47-4A22-9CF6-AA44BFEFF802}.Release|Any CPU.Build.0 = Release|Any CPU
		{C3198692-9C7F-4AA1-B44E-A6F551AA8AA4}.Debug|Any CPU.ActiveCfg = Debug|Any CPU
		{C3198692-9C7F-4AA1-B44E-A6F551AA8AA4}.Debug|Any CPU.Build.0 = Debug|Any CPU
		{C3198692-9C7F-4AA1-B44E-A6F551AA8AA4}.Release|Any CPU.ActiveCfg = Release|Any CPU
		{C3198692-9C7F-4AA1-B44E-A6F551AA8AA4}.Release|Any CPU.Build.0 = Release|Any CPU
		{66D041EB-523B-479B-956B-6AA297A22C43}.Debug|Any CPU.ActiveCfg = Debug|Any CPU
		{66D041EB-523B-479B-956B-6AA297A22C43}.Debug|Any CPU.Build.0 = Debug|Any CPU
		{66D041EB-523B-479B-956B-6AA297A22C43}.Release|Any CPU.ActiveCfg = Release|Any CPU
		{66D041EB-523B-479B-956B-6AA297A22C43}.Release|Any CPU.Build.0 = Release|Any CPU
		{5E621459-191A-4EF4-9890-DF3595D407E4}.Debug|Any CPU.ActiveCfg = Debug|Any CPU
		{5E621459-191A-4EF4-9890-DF3595D407E4}.Debug|Any CPU.Build.0 = Debug|Any CPU
		{5E621459-191A-4EF4-9890-DF3595D407E4}.Release|Any CPU.ActiveCfg = Release|Any CPU
		{5E621459-191A-4EF4-9890-DF3595D407E4}.Release|Any CPU.Build.0 = Release|Any CPU
		{79D1899B-2E73-4E76-B27B-E01B6D2837B1}.Debug|Any CPU.ActiveCfg = Debug|Any CPU
		{79D1899B-2E73-4E76-B27B-E01B6D2837B1}.Debug|Any CPU.Build.0 = Debug|Any CPU
		{79D1899B-2E73-4E76-B27B-E01B6D2837B1}.Release|Any CPU.ActiveCfg = Release|Any CPU
		{79D1899B-2E73-4E76-B27B-E01B6D2837B1}.Release|Any CPU.Build.0 = Release|Any CPU
		{4279ACBF-F784-43F2-8572-1A313270B4DB}.Debug|Any CPU.ActiveCfg = Debug|Any CPU
		{4279ACBF-F784-43F2-8572-1A313270B4DB}.Debug|Any CPU.Build.0 = Debug|Any CPU
		{4279ACBF-F784-43F2-8572-1A313270B4DB}.Release|Any CPU.ActiveCfg = Release|Any CPU
		{4279ACBF-F784-43F2-8572-1A313270B4DB}.Release|Any CPU.Build.0 = Release|Any CPU
		{A5E12236-B4EF-4B6E-ADB4-515D579BF405}.Debug|Any CPU.ActiveCfg = Debug|Any CPU
		{A5E12236-B4EF-4B6E-ADB4-515D579BF405}.Debug|Any CPU.Build.0 = Debug|Any CPU
		{A5E12236-B4EF-4B6E-ADB4-515D579BF405}.Release|Any CPU.ActiveCfg = Release|Any CPU
		{A5E12236-B4EF-4B6E-ADB4-515D579BF405}.Release|Any CPU.Build.0 = Release|Any CPU
		{307B8FBF-C74D-4401-B8C9-EEC5E4C7F65C}.Debug|Any CPU.ActiveCfg = Debug|Any CPU
		{307B8FBF-C74D-4401-B8C9-EEC5E4C7F65C}.Debug|Any CPU.Build.0 = Debug|Any CPU
		{307B8FBF-C74D-4401-B8C9-EEC5E4C7F65C}.Release|Any CPU.ActiveCfg = Release|Any CPU
		{307B8FBF-C74D-4401-B8C9-EEC5E4C7F65C}.Release|Any CPU.Build.0 = Release|Any CPU
	EndGlobalSection
	GlobalSection(SolutionProperties) = preSolution
		HideSolutionNode = FALSE
	EndGlobalSection
	GlobalSection(NestedProjects) = preSolution
		{0FA75A5B-AB83-4FD0-B545-279774C01E87} = {AFAA0841-BD93-466F-B8F4-FB4EEC86F1FC}
		{3870C648-4AEA-4B85-BA3F-F2F63B96136A} = {AFAA0841-BD93-466F-B8F4-FB4EEC86F1FC}
		{22CFE0D2-8DCA-42D7-AD7D-784C3862493F} = {AFAA0841-BD93-466F-B8F4-FB4EEC86F1FC}
		{609AE303-4C47-4A22-9CF6-AA44BFEFF802} = {AFAA0841-BD93-466F-B8F4-FB4EEC86F1FC}
		{C3198692-9C7F-4AA1-B44E-A6F551AA8AA4} = {AFAA0841-BD93-466F-B8F4-FB4EEC86F1FC}
		{66D041EB-523B-479B-956B-6AA297A22C43} = {AFAA0841-BD93-466F-B8F4-FB4EEC86F1FC}
		{5E621459-191A-4EF4-9890-DF3595D407E4} = {AFAA0841-BD93-466F-B8F4-FB4EEC86F1FC}
		{79D1899B-2E73-4E76-B27B-E01B6D2837B1} = {AFAA0841-BD93-466F-B8F4-FB4EEC86F1FC}
		{4279ACBF-F784-43F2-8572-1A313270B4DB} = {AFAA0841-BD93-466F-B8F4-FB4EEC86F1FC}
		{A5E12236-B4EF-4B6E-ADB4-515D579BF405} = {AFAA0841-BD93-466F-B8F4-FB4EEC86F1FC}
		{307B8FBF-C74D-4401-B8C9-EEC5E4C7F65C} = {AFAA0841-BD93-466F-B8F4-FB4EEC86F1FC}
	EndGlobalSection
	GlobalSection(ExtensibilityGlobals) = postSolution
		SolutionGuid = {1FBF7069-1B54-43A7-A599-D4D8CF0C0AD2}
	EndGlobalSection
EndGlobal
